
Microsoft Visual Studio Solution File, Format Version 12.00
# Visual Studio Version 16
VisualStudioVersion = 16.0.31702.278
MinimumVisualStudioVersion = 10.0.40219.1
Project("{8BC9CEB8-8B4A-11D0-8D11-00A0C91BC942}") = "xencontrol", "xencontrol.vcxproj", "{7C49E381-80CF-4EC2-A8D0-1088F465777E}"
EndProject
Project("{8BC9CEB8-8B4A-11D0-8D11-00A0C91BC942}") = "libxenvchan", "libxenvchan.vcxproj", "{FCE822F5-6159-4953-9EB1-14C2B7B4C1CB}"
	ProjectSection(ProjectDependencies) = postProject
		{7C49E381-80CF-4EC2-A8D0-1088F465777E} = {7C49E381-80CF-4EC2-A8D0-1088F465777E}
	EndProjectSection
EndProject
Project("{8BC9CEB8-8B4A-11D0-8D11-00A0C91BC942}") = "libvchan", "libvchan.vcxproj", "{54E85FA8-FA92-4546-B98D-734D0E64C1CB}"
	ProjectSection(ProjectDependencies) = postProject
		{7C49E381-80CF-4EC2-A8D0-1088F465777E} = {7C49E381-80CF-4EC2-A8D0-1088F465777E}
		{FCE822F5-6159-4953-9EB1-14C2B7B4C1CB} = {FCE822F5-6159-4953-9EB1-14C2B7B4C1CB}
	EndProjectSection
EndProject
Project("{8BC9CEB8-8B4A-11D0-8D11-00A0C91BC942}") = "windows-utils", "windows-utils.vcxproj", "{AC4BDF76-0A03-4C4A-B045-E6F8FE48A3AA}"
	ProjectSection(ProjectDependencies) = postProject
		{7C49E381-80CF-4EC2-A8D0-1088F465777E} = {7C49E381-80CF-4EC2-A8D0-1088F465777E}
		{54E85FA8-FA92-4546-B98D-734D0E64C1CB} = {54E85FA8-FA92-4546-B98D-734D0E64C1CB}
		{FCE822F5-6159-4953-9EB1-14C2B7B4C1CB} = {FCE822F5-6159-4953-9EB1-14C2B7B4C1CB}
	EndProjectSection
EndProject
Project("{8BC9CEB8-8B4A-11D0-8D11-00A0C91BC942}") = "file-sender", "file-sender.vcxproj", "{B7C0C3FF-22C3-4311-949D-9FD05CAB9855}"
	ProjectSection(ProjectDependencies) = postProject
		{AC4BDF76-0A03-4C4A-B045-E6F8FE48A3AA} = {AC4BDF76-0A03-4C4A-B045-E6F8FE48A3AA}
	EndProjectSection
EndProject
Project("{8BC9CEB8-8B4A-11D0-8D11-00A0C91BC942}") = "file-receiver", "file-receiver.vcxproj", "{56B0C7C9-D0BC-4B87-BF68-E0864D10B226}"
	ProjectSection(ProjectDependencies) = postProject
		{AC4BDF76-0A03-4C4A-B045-E6F8FE48A3AA} = {AC4BDF76-0A03-4C4A-B045-E6F8FE48A3AA}
	EndProjectSection
EndProject
Project("{8BC9CEB8-8B4A-11D0-8D11-00A0C91BC942}") = "wait-for-logon", "wait-for-logon.vcxproj", "{22F92439-76E6-4302-B586-E2498A20C2B4}"
	ProjectSection(ProjectDependencies) = postProject
		{AC4BDF76-0A03-4C4A-B045-E6F8FE48A3AA} = {AC4BDF76-0A03-4C4A-B045-E6F8FE48A3AA}
	EndProjectSection
EndProject
Project("{8BC9CEB8-8B4A-11D0-8D11-00A0C91BC942}") = "window-icon-updater", "window-icon-updater.vcxproj", "{A30E24E6-57ED-4DE3-A818-3F9873BF0C46}"
	ProjectSection(ProjectDependencies) = postProject
		{AC4BDF76-0A03-4C4A-B045-E6F8FE48A3AA} = {AC4BDF76-0A03-4C4A-B045-E6F8FE48A3AA}
	EndProjectSection
EndProject
Project("{8BC9CEB8-8B4A-11D0-8D11-00A0C91BC942}") = "vm-file-editor", "vm-file-editor.vcxproj", "{8807E9F0-ACD2-47F1-A27C-BA5F51A95AFB}"
	ProjectSection(ProjectDependencies) = postProject
		{AC4BDF76-0A03-4C4A-B045-E6F8FE48A3AA} = {AC4BDF76-0A03-4C4A-B045-E6F8FE48A3AA}
	EndProjectSection
EndProject
Project("{8BC9CEB8-8B4A-11D0-8D11-00A0C91BC942}") = "set-gui-mode", "set-gui-mode.vcxproj", "{EA0E452A-B7E6-4B15-B569-6BBFB46BFEE9}"
	ProjectSection(ProjectDependencies) = postProject
		{AC4BDF76-0A03-4C4A-B045-E6F8FE48A3AA} = {AC4BDF76-0A03-4C4A-B045-E6F8FE48A3AA}
	EndProjectSection
EndProject
Project("{8BC9CEB8-8B4A-11D0-8D11-00A0C91BC942}") = "open-url", "open-url.vcxproj", "{A52FD888-A618-4A59-A295-7E8A2B593C67}"
	ProjectSection(ProjectDependencies) = postProject
		{AC4BDF76-0A03-4C4A-B045-E6F8FE48A3AA} = {AC4BDF76-0A03-4C4A-B045-E6F8FE48A3AA}
	EndProjectSection
EndProject
Project("{8BC9CEB8-8B4A-11D0-8D11-00A0C91BC942}") = "open-in-vm", "open-in-vm.vcxproj", "{EFDFDD07-8A98-454C-BBA9-E51975A57F8A}"
	ProjectSection(ProjectDependencies) = postProject
		{AC4BDF76-0A03-4C4A-B045-E6F8FE48A3AA} = {AC4BDF76-0A03-4C4A-B045-E6F8FE48A3AA}
	EndProjectSection
EndProject
Project("{8BC9CEB8-8B4A-11D0-8D11-00A0C91BC942}") = "get-image-rgba", "get-image-rgba.vcxproj", "{07D471AF-331D-472D-897C-6B4F4862D3EF}"
	ProjectSection(ProjectDependencies) = postProject
		{AC4BDF76-0A03-4C4A-B045-E6F8FE48A3AA} = {AC4BDF76-0A03-4C4A-B045-E6F8FE48A3AA}
	EndProjectSection
EndProject
Project("{8BC9CEB8-8B4A-11D0-8D11-00A0C91BC942}") = "clipboard-paste", "clipboard-paste.vcxproj", "{71613D7D-7397-471A-8E21-2BB12081878A}"
	ProjectSection(ProjectDependencies) = postProject
		{AC4BDF76-0A03-4C4A-B045-E6F8FE48A3AA} = {AC4BDF76-0A03-4C4A-B045-E6F8FE48A3AA}
	EndProjectSection
EndProject
Project("{8BC9CEB8-8B4A-11D0-8D11-00A0C91BC942}") = "clipboard-copy", "clipboard-copy.vcxproj", "{395CF985-E924-4D61-9098-C058F21555E6}"
	ProjectSection(ProjectDependencies) = postProject
		{AC4BDF76-0A03-4C4A-B045-E6F8FE48A3AA} = {AC4BDF76-0A03-4C4A-B045-E6F8FE48A3AA}
	EndProjectSection
EndProject
Project("{8BC9CEB8-8B4A-11D0-8D11-00A0C91BC942}") = "qubesdb-client", "qubesdb-client.vcxproj", "{761DAF60-0E24-474C-9C3C-1674DDB3A9EC}"
	ProjectSection(ProjectDependencies) = postProject
		{AC4BDF76-0A03-4C4A-B045-E6F8FE48A3AA} = {AC4BDF76-0A03-4C4A-B045-E6F8FE48A3AA}
	EndProjectSection
EndProject
Project("{8BC9CEB8-8B4A-11D0-8D11-00A0C91BC942}") = "qubesdb-daemon", "qubesdb-daemon.vcxproj", "{97B01A75-34E5-42CA-910D-97ED088F31F5}"
	ProjectSection(ProjectDependencies) = postProject
		{761DAF60-0E24-474C-9C3C-1674DDB3A9EC} = {761DAF60-0E24-474C-9C3C-1674DDB3A9EC}
		{AC4BDF76-0A03-4C4A-B045-E6F8FE48A3AA} = {AC4BDF76-0A03-4C4A-B045-E6F8FE48A3AA}
	EndProjectSection
EndProject
Project("{8BC9CEB8-8B4A-11D0-8D11-00A0C91BC942}") = "qrexec-wrapper", "qrexec-wrapper.vcxproj", "{FE426E8D-57C2-41EF-ACCA-2D929A8804E9}"
	ProjectSection(ProjectDependencies) = postProject
		{761DAF60-0E24-474C-9C3C-1674DDB3A9EC} = {761DAF60-0E24-474C-9C3C-1674DDB3A9EC}
		{AC4BDF76-0A03-4C4A-B045-E6F8FE48A3AA} = {AC4BDF76-0A03-4C4A-B045-E6F8FE48A3AA}
	EndProjectSection
EndProject
Project("{8BC9CEB8-8B4A-11D0-8D11-00A0C91BC942}") = "qrexec-agent", "qrexec-agent.vcxproj", "{0623DD33-1B88-4310-B95B-890B7583ACBC}"
	ProjectSection(ProjectDependencies) = postProject
		{761DAF60-0E24-474C-9C3C-1674DDB3A9EC} = {761DAF60-0E24-474C-9C3C-1674DDB3A9EC}
		{AC4BDF76-0A03-4C4A-B045-E6F8FE48A3AA} = {AC4BDF76-0A03-4C4A-B045-E6F8FE48A3AA}
	EndProjectSection
EndProject
Project("{8BC9CEB8-8B4A-11D0-8D11-00A0C91BC942}") = "qrexec-client-vm", "qrexec-client-vm.vcxproj", "{B2681368-5C16-4653-BE79-87DD05EABE7B}"
	ProjectSection(ProjectDependencies) = postProject
		{761DAF60-0E24-474C-9C3C-1674DDB3A9EC} = {761DAF60-0E24-474C-9C3C-1674DDB3A9EC}
		{AC4BDF76-0A03-4C4A-B045-E6F8FE48A3AA} = {AC4BDF76-0A03-4C4A-B045-E6F8FE48A3AA}
	EndProjectSection
EndProject
Project("{8BC9CEB8-8B4A-11D0-8D11-00A0C91BC942}") = "advertise-tools", "advertise-tools.vcxproj", "{18636242-C6FD-4292-9429-8A462FBF45C9}"
	ProjectSection(ProjectDependencies) = postProject
		{761DAF60-0E24-474C-9C3C-1674DDB3A9EC} = {761DAF60-0E24-474C-9C3C-1674DDB3A9EC}
		{AC4BDF76-0A03-4C4A-B045-E6F8FE48A3AA} = {AC4BDF76-0A03-4C4A-B045-E6F8FE48A3AA}
	EndProjectSection
EndProject
Global
	GlobalSection(SolutionConfigurationPlatforms) = preSolution
		Debug|x64 = Debug|x64
		Debug|x86 = Debug|x86
		Release|x64 = Release|x64
		Release|x86 = Release|x86
	EndGlobalSection
	GlobalSection(ProjectConfigurationPlatforms) = postSolution
		{7C49E381-80CF-4EC2-A8D0-1088F465777E}.Debug|x64.ActiveCfg = Debug|x64
		{7C49E381-80CF-4EC2-A8D0-1088F465777E}.Debug|x64.Build.0 = Debug|x64
		{7C49E381-80CF-4EC2-A8D0-1088F465777E}.Debug|x86.ActiveCfg = Debug|Win32
		{7C49E381-80CF-4EC2-A8D0-1088F465777E}.Debug|x86.Build.0 = Debug|Win32
		{7C49E381-80CF-4EC2-A8D0-1088F465777E}.Release|x64.ActiveCfg = Release|x64
		{7C49E381-80CF-4EC2-A8D0-1088F465777E}.Release|x64.Build.0 = Release|x64
		{7C49E381-80CF-4EC2-A8D0-1088F465777E}.Release|x86.ActiveCfg = Release|Win32
		{7C49E381-80CF-4EC2-A8D0-1088F465777E}.Release|x86.Build.0 = Release|Win32
		{FCE822F5-6159-4953-9EB1-14C2B7B4C1CB}.Debug|x64.ActiveCfg = Debug|x64
		{FCE822F5-6159-4953-9EB1-14C2B7B4C1CB}.Debug|x64.Build.0 = Debug|x64
		{FCE822F5-6159-4953-9EB1-14C2B7B4C1CB}.Debug|x86.ActiveCfg = Debug|Win32
		{FCE822F5-6159-4953-9EB1-14C2B7B4C1CB}.Debug|x86.Build.0 = Debug|Win32
		{FCE822F5-6159-4953-9EB1-14C2B7B4C1CB}.Release|x64.ActiveCfg = Release|x64
		{FCE822F5-6159-4953-9EB1-14C2B7B4C1CB}.Release|x64.Build.0 = Release|x64
		{FCE822F5-6159-4953-9EB1-14C2B7B4C1CB}.Release|x86.ActiveCfg = Release|Win32
		{FCE822F5-6159-4953-9EB1-14C2B7B4C1CB}.Release|x86.Build.0 = Release|Win32
		{54E85FA8-FA92-4546-B98D-734D0E64C1CB}.Debug|x64.ActiveCfg = Debug|x64
		{54E85FA8-FA92-4546-B98D-734D0E64C1CB}.Debug|x64.Build.0 = Debug|x64
		{54E85FA8-FA92-4546-B98D-734D0E64C1CB}.Debug|x86.ActiveCfg = Debug|Win32
		{54E85FA8-FA92-4546-B98D-734D0E64C1CB}.Debug|x86.Build.0 = Debug|Win32
		{54E85FA8-FA92-4546-B98D-734D0E64C1CB}.Release|x64.ActiveCfg = Release|x64
		{54E85FA8-FA92-4546-B98D-734D0E64C1CB}.Release|x64.Build.0 = Release|x64
		{54E85FA8-FA92-4546-B98D-734D0E64C1CB}.Release|x86.ActiveCfg = Release|Win32
		{54E85FA8-FA92-4546-B98D-734D0E64C1CB}.Release|x86.Build.0 = Release|Win32
		{AC4BDF76-0A03-4C4A-B045-E6F8FE48A3AA}.Debug|x64.ActiveCfg = Debug|x64
		{AC4BDF76-0A03-4C4A-B045-E6F8FE48A3AA}.Debug|x64.Build.0 = Debug|x64
		{AC4BDF76-0A03-4C4A-B045-E6F8FE48A3AA}.Debug|x86.ActiveCfg = Debug|Win32
		{AC4BDF76-0A03-4C4A-B045-E6F8FE48A3AA}.Debug|x86.Build.0 = Debug|Win32
		{AC4BDF76-0A03-4C4A-B045-E6F8FE48A3AA}.Release|x64.ActiveCfg = Release|x64
		{AC4BDF76-0A03-4C4A-B045-E6F8FE48A3AA}.Release|x64.Build.0 = Release|x64
		{AC4BDF76-0A03-4C4A-B045-E6F8FE48A3AA}.Release|x86.ActiveCfg = Release|Win32
		{AC4BDF76-0A03-4C4A-B045-E6F8FE48A3AA}.Release|x86.Build.0 = Release|Win32
		{B7C0C3FF-22C3-4311-949D-9FD05CAB9855}.Debug|x64.ActiveCfg = Debug|x64
		{B7C0C3FF-22C3-4311-949D-9FD05CAB9855}.Debug|x64.Build.0 = Debug|x64
		{B7C0C3FF-22C3-4311-949D-9FD05CAB9855}.Debug|x86.ActiveCfg = Debug|Win32
		{B7C0C3FF-22C3-4311-949D-9FD05CAB9855}.Debug|x86.Build.0 = Debug|Win32
		{B7C0C3FF-22C3-4311-949D-9FD05CAB9855}.Release|x64.ActiveCfg = Release|x64
		{B7C0C3FF-22C3-4311-949D-9FD05CAB9855}.Release|x64.Build.0 = Release|x64
		{B7C0C3FF-22C3-4311-949D-9FD05CAB9855}.Release|x86.ActiveCfg = Release|Win32
		{B7C0C3FF-22C3-4311-949D-9FD05CAB9855}.Release|x86.Build.0 = Release|Win32
		{56B0C7C9-D0BC-4B87-BF68-E0864D10B226}.Debug|x64.ActiveCfg = Debug|x64
		{56B0C7C9-D0BC-4B87-BF68-E0864D10B226}.Debug|x64.Build.0 = Debug|x64
		{56B0C7C9-D0BC-4B87-BF68-E0864D10B226}.Debug|x86.ActiveCfg = Debug|Win32
		{56B0C7C9-D0BC-4B87-BF68-E0864D10B226}.Debug|x86.Build.0 = Debug|Win32
		{56B0C7C9-D0BC-4B87-BF68-E0864D10B226}.Release|x64.ActiveCfg = Release|x64
		{56B0C7C9-D0BC-4B87-BF68-E0864D10B226}.Release|x64.Build.0 = Release|x64
		{56B0C7C9-D0BC-4B87-BF68-E0864D10B226}.Release|x86.ActiveCfg = Release|Win32
		{56B0C7C9-D0BC-4B87-BF68-E0864D10B226}.Release|x86.Build.0 = Release|Win32
		{22F92439-76E6-4302-B586-E2498A20C2B4}.Debug|x64.ActiveCfg = Debug|x64
		{22F92439-76E6-4302-B586-E2498A20C2B4}.Debug|x64.Build.0 = Debug|x64
		{22F92439-76E6-4302-B586-E2498A20C2B4}.Debug|x86.ActiveCfg = Debug|Win32
		{22F92439-76E6-4302-B586-E2498A20C2B4}.Debug|x86.Build.0 = Debug|Win32
		{22F92439-76E6-4302-B586-E2498A20C2B4}.Release|x64.ActiveCfg = Release|x64
		{22F92439-76E6-4302-B586-E2498A20C2B4}.Release|x64.Build.0 = Release|x64
		{22F92439-76E6-4302-B586-E2498A20C2B4}.Release|x86.ActiveCfg = Release|Win32
		{22F92439-76E6-4302-B586-E2498A20C2B4}.Release|x86.Build.0 = Release|Win32
		{A30E24E6-57ED-4DE3-A818-3F9873BF0C46}.Debug|x64.ActiveCfg = Debug|x64
		{A30E24E6-57ED-4DE3-A818-3F9873BF0C46}.Debug|x64.Build.0 = Debug|x64
		{A30E24E6-57ED-4DE3-A818-3F9873BF0C46}.Debug|x86.ActiveCfg = Debug|Win32
		{A30E24E6-57ED-4DE3-A818-3F9873BF0C46}.Debug|x86.Build.0 = Debug|Win32
		{A30E24E6-57ED-4DE3-A818-3F9873BF0C46}.Release|x64.ActiveCfg = Release|x64
		{A30E24E6-57ED-4DE3-A818-3F9873BF0C46}.Release|x64.Build.0 = Release|x64
		{A30E24E6-57ED-4DE3-A818-3F9873BF0C46}.Release|x86.ActiveCfg = Release|Win32
		{A30E24E6-57ED-4DE3-A818-3F9873BF0C46}.Release|x86.Build.0 = Release|Win32
		{8807E9F0-ACD2-47F1-A27C-BA5F51A95AFB}.Debug|x64.ActiveCfg = Debug|x64
		{8807E9F0-ACD2-47F1-A27C-BA5F51A95AFB}.Debug|x64.Build.0 = Debug|x64
		{8807E9F0-ACD2-47F1-A27C-BA5F51A95AFB}.Debug|x86.ActiveCfg = Debug|Win32
		{8807E9F0-ACD2-47F1-A27C-BA5F51A95AFB}.Debug|x86.Build.0 = Debug|Win32
		{8807E9F0-ACD2-47F1-A27C-BA5F51A95AFB}.Release|x64.ActiveCfg = Release|x64
		{8807E9F0-ACD2-47F1-A27C-BA5F51A95AFB}.Release|x64.Build.0 = Release|x64
		{8807E9F0-ACD2-47F1-A27C-BA5F51A95AFB}.Release|x86.ActiveCfg = Release|Win32
		{8807E9F0-ACD2-47F1-A27C-BA5F51A95AFB}.Release|x86.Build.0 = Release|Win32
		{EA0E452A-B7E6-4B15-B569-6BBFB46BFEE9}.Debug|x64.ActiveCfg = Debug|x64
		{EA0E452A-B7E6-4B15-B569-6BBFB46BFEE9}.Debug|x64.Build.0 = Debug|x64
		{EA0E452A-B7E6-4B15-B569-6BBFB46BFEE9}.Debug|x86.ActiveCfg = Debug|Win32
		{EA0E452A-B7E6-4B15-B569-6BBFB46BFEE9}.Debug|x86.Build.0 = Debug|Win32
		{EA0E452A-B7E6-4B15-B569-6BBFB46BFEE9}.Release|x64.ActiveCfg = Release|x64
		{EA0E452A-B7E6-4B15-B569-6BBFB46BFEE9}.Release|x64.Build.0 = Release|x64
		{EA0E452A-B7E6-4B15-B569-6BBFB46BFEE9}.Release|x86.ActiveCfg = Release|Win32
		{EA0E452A-B7E6-4B15-B569-6BBFB46BFEE9}.Release|x86.Build.0 = Release|Win32
		{A52FD888-A618-4A59-A295-7E8A2B593C67}.Debug|x64.ActiveCfg = Debug|x64
		{A52FD888-A618-4A59-A295-7E8A2B593C67}.Debug|x64.Build.0 = Debug|x64
		{A52FD888-A618-4A59-A295-7E8A2B593C67}.Debug|x86.ActiveCfg = Debug|Win32
		{A52FD888-A618-4A59-A295-7E8A2B593C67}.Debug|x86.Build.0 = Debug|Win32
		{A52FD888-A618-4A59-A295-7E8A2B593C67}.Release|x64.ActiveCfg = Release|x64
		{A52FD888-A618-4A59-A295-7E8A2B593C67}.Release|x64.Build.0 = Release|x64
		{A52FD888-A618-4A59-A295-7E8A2B593C67}.Release|x86.ActiveCfg = Release|Win32
		{A52FD888-A618-4A59-A295-7E8A2B593C67}.Release|x86.Build.0 = Release|Win32
		{EFDFDD07-8A98-454C-BBA9-E51975A57F8A}.Debug|x64.ActiveCfg = Debug|x64
		{EFDFDD07-8A98-454C-BBA9-E51975A57F8A}.Debug|x64.Build.0 = Debug|x64
		{EFDFDD07-8A98-454C-BBA9-E51975A57F8A}.Debug|x86.ActiveCfg = Debug|Win32
		{EFDFDD07-8A98-454C-BBA9-E51975A57F8A}.Debug|x86.Build.0 = Debug|Win32
		{EFDFDD07-8A98-454C-BBA9-E51975A57F8A}.Release|x64.ActiveCfg = Release|x64
		{EFDFDD07-8A98-454C-BBA9-E51975A57F8A}.Release|x64.Build.0 = Release|x64
		{EFDFDD07-8A98-454C-BBA9-E51975A57F8A}.Release|x86.ActiveCfg = Release|Win32
		{EFDFDD07-8A98-454C-BBA9-E51975A57F8A}.Release|x86.Build.0 = Release|Win32
		{07D471AF-331D-472D-897C-6B4F4862D3EF}.Debug|x64.ActiveCfg = Debug|x64
		{07D471AF-331D-472D-897C-6B4F4862D3EF}.Debug|x64.Build.0 = Debug|x64
		{07D471AF-331D-472D-897C-6B4F4862D3EF}.Debug|x86.ActiveCfg = Debug|Win32
		{07D471AF-331D-472D-897C-6B4F4862D3EF}.Debug|x86.Build.0 = Debug|Win32
		{07D471AF-331D-472D-897C-6B4F4862D3EF}.Release|x64.ActiveCfg = Release|x64
		{07D471AF-331D-472D-897C-6B4F4862D3EF}.Release|x64.Build.0 = Release|x64
		{07D471AF-331D-472D-897C-6B4F4862D3EF}.Release|x86.ActiveCfg = Release|Win32
		{07D471AF-331D-472D-897C-6B4F4862D3EF}.Release|x86.Build.0 = Release|Win32
		{71613D7D-7397-471A-8E21-2BB12081878A}.Debug|x64.ActiveCfg = Debug|x64
		{71613D7D-7397-471A-8E21-2BB12081878A}.Debug|x64.Build.0 = Debug|x64
		{71613D7D-7397-471A-8E21-2BB12081878A}.Debug|x86.ActiveCfg = Debug|Win32
		{71613D7D-7397-471A-8E21-2BB12081878A}.Debug|x86.Build.0 = Debug|Win32
		{71613D7D-7397-471A-8E21-2BB12081878A}.Release|x64.ActiveCfg = Release|x64
		{71613D7D-7397-471A-8E21-2BB12081878A}.Release|x64.Build.0 = Release|x64
		{71613D7D-7397-471A-8E21-2BB12081878A}.Release|x86.ActiveCfg = Release|Win32
		{71613D7D-7397-471A-8E21-2BB12081878A}.Release|x86.Build.0 = Release|Win32
		{395CF985-E924-4D61-9098-C058F21555E6}.Debug|x64.ActiveCfg = Debug|x64
		{395CF985-E924-4D61-9098-C058F21555E6}.Debug|x64.Build.0 = Debug|x64
		{395CF985-E924-4D61-9098-C058F21555E6}.Debug|x86.ActiveCfg = Debug|Win32
		{395CF985-E924-4D61-9098-C058F21555E6}.Debug|x86.Build.0 = Debug|Win32
		{395CF985-E924-4D61-9098-C058F21555E6}.Release|x64.ActiveCfg = Release|x64
		{395CF985-E924-4D61-9098-C058F21555E6}.Release|x64.Build.0 = Release|x64
		{395CF985-E924-4D61-9098-C058F21555E6}.Release|x86.ActiveCfg = Release|Win32
		{395CF985-E924-4D61-9098-C058F21555E6}.Release|x86.Build.0 = Release|Win32
		{761DAF60-0E24-474C-9C3C-1674DDB3A9EC}.Debug|x64.ActiveCfg = Debug|x64
		{761DAF60-0E24-474C-9C3C-1674DDB3A9EC}.Debug|x64.Build.0 = Debug|x64
		{761DAF60-0E24-474C-9C3C-1674DDB3A9EC}.Debug|x86.ActiveCfg = Debug|Win32
		{761DAF60-0E24-474C-9C3C-1674DDB3A9EC}.Debug|x86.Build.0 = Debug|Win32
		{761DAF60-0E24-474C-9C3C-1674DDB3A9EC}.Release|x64.ActiveCfg = Release|x64
		{761DAF60-0E24-474C-9C3C-1674DDB3A9EC}.Release|x64.Build.0 = Release|x64
		{761DAF60-0E24-474C-9C3C-1674DDB3A9EC}.Release|x86.ActiveCfg = Release|Win32
		{761DAF60-0E24-474C-9C3C-1674DDB3A9EC}.Release|x86.Build.0 = Release|Win32
		{97B01A75-34E5-42CA-910D-97ED088F31F5}.Debug|x64.ActiveCfg = Debug|x64
		{97B01A75-34E5-42CA-910D-97ED088F31F5}.Debug|x64.Build.0 = Debug|x64
		{97B01A75-34E5-42CA-910D-97ED088F31F5}.Debug|x86.ActiveCfg = Debug|Win32
		{97B01A75-34E5-42CA-910D-97ED088F31F5}.Debug|x86.Build.0 = Debug|Win32
		{97B01A75-34E5-42CA-910D-97ED088F31F5}.Release|x64.ActiveCfg = Release|x64
		{97B01A75-34E5-42CA-910D-97ED088F31F5}.Release|x64.Build.0 = Release|x64
		{97B01A75-34E5-42CA-910D-97ED088F31F5}.Release|x86.ActiveCfg = Release|Win32
		{97B01A75-34E5-42CA-910D-97ED088F31F5}.Release|x86.Build.0 = Release|Win32
		{FE426E8D-57C2-41EF-ACCA-2D929A8804E9}.Debug|x64.ActiveCfg = Debug|x64
		{FE426E8D-57C2-41EF-ACCA-2D929A8804E9}.Debug|x64.Build.0 = Debug|x64
		{FE426E8D-57C2-41EF-ACCA-2D929A8804E9}.Debug|x86.ActiveCfg = Debug|Win32
		{FE426E8D-57C2-41EF-ACCA-2D929A8804E9}.Debug|x86.Build.0 = Debug|Win32
		{FE426E8D-57C2-41EF-ACCA-2D929A8804E9}.Release|x64.ActiveCfg = Release|x64
		{FE426E8D-57C2-41EF-ACCA-2D929A8804E9}.Release|x64.Build.0 = Release|x64
		{FE426E8D-57C2-41EF-ACCA-2D929A8804E9}.Release|x86.ActiveCfg = Release|Win32
		{FE426E8D-57C2-41EF-ACCA-2D929A8804E9}.Release|x86.Build.0 = Release|Win32
		{0623DD33-1B88-4310-B95B-890B7583ACBC}.Debug|x64.ActiveCfg = Debug|x64
		{0623DD33-1B88-4310-B95B-890B7583ACBC}.Debug|x64.Build.0 = Debug|x64
		{0623DD33-1B88-4310-B95B-890B7583ACBC}.Debug|x86.ActiveCfg = Debug|Win32
		{0623DD33-1B88-4310-B95B-890B7583ACBC}.Debug|x86.Build.0 = Debug|Win32
		{0623DD33-1B88-4310-B95B-890B7583ACBC}.Release|x64.ActiveCfg = Release|x64
		{0623DD33-1B88-4310-B95B-890B7583ACBC}.Release|x64.Build.0 = Release|x64
		{0623DD33-1B88-4310-B95B-890B7583ACBC}.Release|x86.ActiveCfg = Release|Win32
		{0623DD33-1B88-4310-B95B-890B7583ACBC}.Release|x86.Build.0 = Release|Win32
		{B2681368-5C16-4653-BE79-87DD05EABE7B}.Debug|x64.ActiveCfg = Debug|x64
		{B2681368-5C16-4653-BE79-87DD05EABE7B}.Debug|x64.Build.0 = Debug|x64
		{B2681368-5C16-4653-BE79-87DD05EABE7B}.Debug|x86.ActiveCfg = Debug|Win32
		{B2681368-5C16-4653-BE79-87DD05EABE7B}.Debug|x86.Build.0 = Debug|Win32
		{B2681368-5C16-4653-BE79-87DD05EABE7B}.Release|x64.ActiveCfg = Release|x64
		{B2681368-5C16-4653-BE79-87DD05EABE7B}.Release|x64.Build.0 = Release|x64
		{B2681368-5C16-4653-BE79-87DD05EABE7B}.Release|x86.ActiveCfg = Release|Win32
		{B2681368-5C16-4653-BE79-87DD05EABE7B}.Release|x86.Build.0 = Release|Win32
		{18636242-C6FD-4292-9429-8A462FBF45C9}.Debug|x64.ActiveCfg = Debug|x64
		{18636242-C6FD-4292-9429-8A462FBF45C9}.Debug|x64.Build.0 = Debug|x64
		{18636242-C6FD-4292-9429-8A462FBF45C9}.Debug|x86.ActiveCfg = Debug|Win32
		{18636242-C6FD-4292-9429-8A462FBF45C9}.Debug|x86.Build.0 = Debug|Win32
		{18636242-C6FD-4292-9429-8A462FBF45C9}.Release|x64.ActiveCfg = Release|x64
		{18636242-C6FD-4292-9429-8A462FBF45C9}.Release|x64.Build.0 = Release|x64
		{18636242-C6FD-4292-9429-8A462FBF45C9}.Release|x86.ActiveCfg = Release|Win32
		{18636242-C6FD-4292-9429-8A462FBF45C9}.Release|x86.Build.0 = Release|Win32
	EndGlobalSection
	GlobalSection(SolutionProperties) = preSolution
		HideSolutionNode = FALSE
	EndGlobalSection
	GlobalSection(ExtensibilityGlobals) = postSolution
		SolutionGuid = {8F891C1E-95B4-4982-A36D-3A358C155602}
	EndGlobalSection
EndGlobal
