<?xml version="1.0" encoding="utf-8"?>
<Project ToolsVersion="4.0" xmlns="http://schemas.microsoft.com/developer/msbuild/2003">
  <ItemGroup>
    <Filter Include="Source Files">
      <Extensions>cpp;c;cc;cxx;c++;cppm;ixx;def;odl;idl;hpj;bat;asm;asmx</Extensions>
    </Filter>
    <Filter Include="Header Files">
      <Extensions>h;hh;hpp;hxx;h++;hm;inl;inc;ipp;xsd</Extensions>
    </Filter>
    <Filter Include="Resource Files">
      <Extensions>rc;ico;cur;bmp;dlg;rc2;rct;bin;rgs;gif;jpg;jpeg;jpe;resx;tiff;tif;png;wav;mfcribbon-ms</Extensions>
    </Filter>
  </ItemGroup>
  <ItemGroup>
    <ClCompile Include="..\qubes-windows-utils\src\buffer.c">
      <Filter>Source Files</Filter>
    </ClCompile>
    <ClCompile Include="..\qubes-windows-utils\src\config.c">
      <Filter>Source Files</Filter>
    </ClCompile>
    <ClCompile Include="..\qubes-windows-utils\src\crc32.c">
      <Filter>Source Files</Filter>
    </ClCompile>
    <ClCompile Include="..\qubes-windows-utils\src\dllmain.c">
      <Filter>Source Files</Filter>
    </ClCompile>
    <ClCompile Include="..\qubes-windows-utils\src\error.c">
      <Filter>Source Files</Filter>
    </ClCompile>
    <ClCompile Include="..\qubes-windows-utils\src\exec.c">
      <Filter>Source Files</Filter>
    </ClCompile>
    <ClCompile Include="..\qubes-windows-utils\src\getopt.c">
      <Filter>Source Files</Filter>
    </ClCompile>
    <ClCompile Include="..\qubes-windows-utils\src\log.c">
      <Filter>Source Files</Filter>
    </ClCompile>
    <ClCompile Include="..\qubes-windows-utils\src\pipe-server.c">
      <Filter>Source Files</Filter>
    </ClCompile>
    <ClCompile Include="..\qubes-windows-utils\src\qubes-io.c">
      <Filter>Source Files</Filter>
    </ClCompile>
    <ClCompile Include="..\qubes-windows-utils\src\qubes-string.c">
      <Filter>Source Files</Filter>
    </ClCompile>
    <ClCompile Include="..\qubes-windows-utils\src\service.c">
      <Filter>Source Files</Filter>
    </ClCompile>
    <ClCompile Include="..\qubes-windows-utils\src\utf8-conv.c">
      <Filter>Source Files</Filter>
    </ClCompile>
    <ClCompile Include="..\qubes-windows-utils\src\vchan-common.c">
      <Filter>Source Files</Filter>
    </ClCompile>
  </ItemGroup>
  <ItemGroup>
    <ResourceCompile Include="..\qubes-windows-utils\src\version.rc">
      <Filter>Resource Files</Filter>
    </ResourceCompile>
  </ItemGroup>
  <ItemGroup>
    <ClInclude Include="..\qubes-windows-utils\include\buffer.h">
      <Filter>Header Files</Filter>
    </ClInclude>
    <ClInclude Include="..\qubes-windows-utils\include\config.h">
      <Filter>Header Files</Filter>
    </ClInclude>
    <ClInclude Include="..\qubes-windows-utils\include\crc32.h">
      <Filter>Header Files</Filter>
    </ClInclude>
    <ClInclude Include="..\qubes-windows-utils\include\error.h">
      <Filter>Header Files</Filter>
    </ClInclude>
    <ClInclude Include="..\qubes-windows-utils\include\exec.h">
      <Filter>Header Files</Filter>
    </ClInclude>
    <ClInclude Include="..\qubes-windows-utils\include\getopt.h">
      <Filter>Header Files</Filter>
    </ClInclude>
    <ClInclude Include="..\qubes-windows-utils\include\list.h">
      <Filter>Header Files</Filter>
    </ClInclude>
    <ClInclude Include="..\qubes-windows-utils\include\log.h">
      <Filter>Header Files</Filter>
    </ClInclude>
    <ClInclude Include="..\qubes-windows-utils\include\pipe-server.h">
      <Filter>Header Files</Filter>
    </ClInclude>
    <ClInclude Include="..\qubes-windows-utils\include\qrexec.h">
      <Filter>Header Files</Filter>
    </ClInclude>
    <ClInclude Include="..\qubes-windows-utils\include\qubes-io.h">
      <Filter>Header Files</Filter>
    </ClInclude>
    <ClInclude Include="..\qubes-windows-utils\include\qubes-string.h">
      <Filter>Header Files</Filter>
    </ClInclude>
    <ClInclude Include="..\qubes-windows-utils\include\service.h">
      <Filter>Header Files</Filter>
    </ClInclude>
    <ClInclude Include="..\qubes-windows-utils\include\utf8-conv.h">
      <Filter>Header Files</Filter>
    </ClInclude>
    <ClInclude Include="..\qubes-windows-utils\include\vchan-common.h">
      <Filter>Header Files</Filter>
    </ClInclude>
  </ItemGroup>
</Project>